{
  "name": "Data_Analysis_AI",
  "lockfileVersion": 3,
  "requires": true,
  "packages": {
    "": {
      "dependencies": {
        "kaleido": "^0.2.2"
      }
    },
    "node_modules/flyd": {
      "version": "0.2.8",
      "resolved": "https://registry.npmjs.org/flyd/-/flyd-0.2.8.tgz",
      "integrity": "sha512-PVr++d+cOkf//kVIm66aTgmmrHNAhqNH9TIZQzunrVL9GaW7pMFTuLcaGkTV9z4bkvVWPB1VGuxjGFFfQUZNwA==",
      "license": "MIT",
      "dependencies": {
        "ramda": "^0.25.0"
      }
    },
    "node_modules/flyd/node_modules/ramda": {
      "version": "0.25.0",
      "resolved": "https://registry.npmjs.org/ramda/-/ramda-0.25.0.tgz",
      "integrity": "sha512-GXpfrYVPwx3K7RQ6aYT8KPS8XViSXUVJT1ONhoKPE9VAleW42YE+U+8VEyGWt41EnEQW7gwecYJriTI0pKoecQ==",
      "license": "MIT"
    },
    "node_modules/kaleido": {
      "version": "0.2.2",
      "resolved": "https://registry.npmjs.org/kaleido/-/kaleido-0.2.2.tgz",
      "integrity": "sha512-ufiJVPPvV67uDAssLzNNyEaVMSP9spw8FL2kaUO07ycJqjSqyyXlHt6KxcembxX7bzLFJlYI958YObufO2wvKQ==",
      "license": "MIT",
      "dependencies": {
        "flyd": "^0.2.4",
        "ramda": "^0.26.1"
      }
    },
    "node_modules/ramda": {
      "version": "0.26.1",
      "resolved": "https://registry.npmjs.org/ramda/-/ramda-0.26.1.tgz",
      "integrity": "sha512-hLWjpy7EnsDBb0p+Z3B7rPi3GDeRG5ZtiI33kJhTt+ORCd38AbAIjB/9zRIUoeTbE/AVX5ZkU7m6bznsvrf8eQ==",
      "license": "MIT"
    }
  }
}
